github.com/lfknudsen/golib v0.0.0-20251002125845-65113230a860 h1:XGRoCdywS+Tys6PHKOwO8L1j0BHeweXrTw7LcJwBOGM=
github.com/lfknudsen/golib v0.0.0-20251002125845-65113230a860/go.mod h1:dVK0msmnYcw0EDnqRB/hThpXgp/vMGHUbu9sZAwamXc=
github.com/lfknudsen/golib v0.0.0-20251002143649-4ee05891e612 h1:Psmi/BsguTFgrWJwlNy99hv11MEPBHBQkx5f4G/00u0=
github.com/lfknudsen/golib v0.0.0-20251002143649-4ee05891e612/go.mod h1:l1J/oClIR9p9RRePQvPlviZc8jcgKWnMbWKfqFZPjYs=
